
Microsoft Visual Studio Solution File, Format Version 12.00
# Visual Studio 15
VisualStudioVersion = 15.0.28307.902
MinimumVisualStudioVersion = 10.0.40219.1
Project("{FAE04EC0-301F-11D3-BF4B-00C04F79EFBC}") = "Exam", "Exam\Exam.csproj", "{1D8B9064-9E2B-48EC-A200-0CBEBACF27BA}"
EndProject
Global
	GlobalSection(SolutionConfigurationPlatforms) = preSolution
		Debug|Any CPU = Debug|Any CPU
		Release|Any CPU = Release|Any CPU
	EndGlobalSection
	GlobalSection(ProjectConfigurationPlatforms) = postSolution
		{1D8B9064-9E2B-48EC-A200-0CBEBACF27BA}.Debug|Any CPU.ActiveCfg = Debug|Any CPU
		{1D8B9064-9E2B-48EC-A200-0CBEBACF27BA}.Debug|Any CPU.Build.0 = Debug|Any CPU
		{1D8B9064-9E2B-48EC-A200-0CBEBACF27BA}.Release|Any CPU.ActiveCfg = Release|Any CPU
		{1D8B9064-9E2B-48EC-A200-0CBEBACF27BA}.Release|Any CPU.Build.0 = Release|Any CPU
	EndGlobalSection
	GlobalSection(SolutionProperties) = preSolution
		HideSolutionNode = FALSE
	EndGlobalSection
	GlobalSection(ExtensibilityGlobals) = postSolution
		SolutionGuid = {5465B577-5038-4709-82E5-A7BDB7859360}
	EndGlobalSection
EndGlobal
